<?xml version="1.0" encoding="utf-8"?>
<Project ToolsVersion="4.0" xmlns="http://schemas.microsoft.com/developer/msbuild/2003">
  <ItemGroup>
    <Filter Include="win32">
      <UniqueIdentifier>{84a8ebd7-7cf0-47f6-b75e-d441df67da40}</UniqueIdentifier>
    </Filter>
    <Filter Include="resource">
      <UniqueIdentifier>{715254bc-d70b-4ec5-bf29-467dd3ace079}</UniqueIdentifier>
    </Filter>
    <Filter Include="src">
      <UniqueIdentifier>{bb6c862e-70e9-49d9-81b7-3829a6f50471}</UniqueIdentifier>
    </Filter>
    <Filter Include="src\Helper">
      <UniqueIdentifier>{b91898e7-749b-40bb-be26-a6a32d0870b6}</UniqueIdentifier>
    </Filter>
    <Filter Include="src\Helper\Sqlite3">
      <UniqueIdentifier>{d9524526-aa74-4992-b0f5-d1d4087ebe4e}</UniqueIdentifier>
    </Filter>
    <Filter Include="src\Helper\CSVParser">
      <UniqueIdentifier>{8e1716eb-5cc5-45ba-98c3-52e545db6635}</UniqueIdentifier>
    </Filter>
    <Filter Include="src\Model">
      <UniqueIdentifier>{a08369df-b58b-443f-9b4e-10535b5d8fbf}</UniqueIdentifier>
    </Filter>
    <Filter Include="src\Utils">
      <UniqueIdentifier>{caee231d-5eb9-4df6-8926-071e655d9d02}</UniqueIdentifier>
    </Filter>
    <Filter Include="src\Dlg">
      <UniqueIdentifier>{af4f8620-ba09-4920-aec3-4d756662e476}</UniqueIdentifier>
    </Filter>
    <Filter Include="src\Dlg\Main">
      <UniqueIdentifier>{b68de711-7425-4c3b-9643-3cfc3a8f0695}</UniqueIdentifier>
    </Filter>
    <Filter Include="src\Dlg\Fight">
      <UniqueIdentifier>{d2e1ee58-6233-430d-87e2-dd080adf4119}</UniqueIdentifier>
    </Filter>
    <Filter Include="src\GameState">
      <UniqueIdentifier>{9ca58b36-c01b-4f5c-862c-09c98d7a7f3d}</UniqueIdentifier>
    </Filter>
    <Filter Include="src\Core">
      <UniqueIdentifier>{555d64ae-1fef-47a2-8721-cb13fa867d32}</UniqueIdentifier>
    </Filter>
    <Filter Include="src\Skill">
      <UniqueIdentifier>{03b36b13-4030-4c89-a748-4b28c37c4dc4}</UniqueIdentifier>
    </Filter>
    <Filter Include="src\Skill\SkillEffect">
      <UniqueIdentifier>{4bff6ddb-f5c5-43d7-be06-fa1e6078c69c}</UniqueIdentifier>
    </Filter>
    <Filter Include="src\Utils\Msg">
      <UniqueIdentifier>{a8dbf617-65bd-471a-acc2-8800d4883da9}</UniqueIdentifier>
    </Filter>
  </ItemGroup>
  <ItemGroup>
    <ClCompile Include="main.cpp">
      <Filter>win32</Filter>
    </ClCompile>
    <ClCompile Include="..\Classes\AppDelegate.cpp">
      <Filter>src</Filter>
    </ClCompile>
    <ClCompile Include="..\Classes\HelloWorldScene.cpp">
      <Filter>src</Filter>
    </ClCompile>
    <ClCompile Include="..\Classes\Helper\CSVParser\CSVParser.cpp">
      <Filter>src\Helper\CSVParser</Filter>
    </ClCompile>
    <ClCompile Include="..\Classes\Helper\Sqlite3\sqlite3.c">
      <Filter>src\Helper\Sqlite3</Filter>
    </ClCompile>
    <ClCompile Include="..\Classes\Model\BulletSprite.cpp">
      <Filter>src\Model</Filter>
    </ClCompile>
    <ClCompile Include="..\Classes\Model\HarvestBubble.cpp">
      <Filter>src\Model</Filter>
    </ClCompile>
    <ClCompile Include="..\Classes\Model\Hero.cpp">
      <Filter>src\Model</Filter>
    </ClCompile>
    <ClCompile Include="..\Classes\Model\MiwuSprite.cpp">
      <Filter>src\Model</Filter>
    </ClCompile>
    <ClCompile Include="..\Classes\Model\Notice.cpp">
      <Filter>src\Model</Filter>
    </ClCompile>
    <ClCompile Include="..\Classes\Model\Robot.cpp">
      <Filter>src\Model</Filter>
    </ClCompile>
    <ClCompile Include="..\Classes\Model\Soilder.cpp">
      <Filter>src\Model</Filter>
    </ClCompile>
    <ClCompile Include="..\Classes\Model\BaseSprite.cpp">
      <Filter>src\Model</Filter>
    </ClCompile>
    <ClCompile Include="..\Classes\Utils\DBManager.cpp">
      <Filter>src\Utils</Filter>
    </ClCompile>
    <ClCompile Include="..\Classes\Utils\GlobalManager.cpp">
      <Filter>src\Utils</Filter>
    </ClCompile>
    <ClCompile Include="..\Classes\Utils\DataManager.cpp">
      <Filter>src\Utils</Filter>
    </ClCompile>
    <ClCompile Include="..\Classes\GameState\StatePlay.cpp">
      <Filter>src\GameState</Filter>
    </ClCompile>
    <ClCompile Include="..\Classes\Dlg\Main\DlgMain.cpp">
      <Filter>src\Dlg\Main</Filter>
    </ClCompile>
    <ClCompile Include="..\Classes\Dlg\Fight\DlgFight.cpp">
      <Filter>src\Dlg\Fight</Filter>
    </ClCompile>
    <ClCompile Include="..\Classes\Utils\ConfigMgr.cpp">
      <Filter>src\Utils</Filter>
    </ClCompile>
    <ClCompile Include="..\Classes\Dlg\Fight\AIMgr.cpp">
      <Filter>src\Dlg\Fight</Filter>
    </ClCompile>
    <ClCompile Include="..\Classes\Dlg\Main\PnlSetting.cpp">
      <Filter>src\Dlg\Main</Filter>
    </ClCompile>
    <ClCompile Include="..\Classes\Core\BaseComponent.cpp">
      <Filter>src\Core</Filter>
    </ClCompile>
    <ClCompile Include="..\Classes\Core\DlgBase.cpp">
      <Filter>src\Core</Filter>
    </ClCompile>
    <ClCompile Include="..\Classes\Core\StateBase.cpp">
      <Filter>src\Core</Filter>
    </ClCompile>
    <ClCompile Include="..\Classes\Dlg\Main\MessageTip.cpp">
      <Filter>src\Dlg\Main</Filter>
    </ClCompile>
    <ClCompile Include="..\Classes\Dlg\Main\PnlPlayer.cpp">
      <Filter>src\Dlg\Main</Filter>
    </ClCompile>
    <ClCompile Include="..\Classes\Model\PlayerObj.cpp">
      <Filter>src\Model</Filter>
    </ClCompile>
    <ClCompile Include="..\Classes\Dlg\Main\PnlHero.cpp">
      <Filter>src\Dlg\Main</Filter>
    </ClCompile>
    <ClCompile Include="..\Classes\Dlg\Main\PnlFind.cpp">
      <Filter>src\Dlg\Main</Filter>
    </ClCompile>
    <ClCompile Include="..\Classes\Dlg\Main\PnlGuanKa.cpp">
      <Filter>src\Dlg\Main</Filter>
    </ClCompile>
    <ClCompile Include="..\Classes\Dlg\Fight\DlgMission.cpp">
      <Filter>src\Dlg\Fight</Filter>
    </ClCompile>
    <ClCompile Include="..\Classes\Dlg\Main\PnlFight.cpp">
      <Filter>src\Dlg\Main</Filter>
    </ClCompile>
    <ClCompile Include="..\Classes\Utils\JsonManager.cpp">
      <Filter>src\Utils</Filter>
    </ClCompile>
    <ClCompile Include="..\Classes\Skill\Skill.cpp">
      <Filter>src\Skill</Filter>
    </ClCompile>
    <ClCompile Include="..\Classes\Skill\SkillEffect\SkillEffectHp.cpp">
      <Filter>src\Skill\SkillEffect</Filter>
    </ClCompile>
    <ClCompile Include="..\Classes\Skill\SkillEffect\SkillEffectSpeed.cpp">
      <Filter>src\Skill\SkillEffect</Filter>
    </ClCompile>
    <ClCompile Include="..\Classes\Skill\SkillEffect\SkillEffectSpeedPer.cpp">
      <Filter>src\Skill\SkillEffect</Filter>
    </ClCompile>
    <ClCompile Include="..\Classes\Skill\SkillEffect\SkillEffectDamagePer.cpp">
      <Filter>src\Skill\SkillEffect</Filter>
    </ClCompile>
    <ClCompile Include="..\Classes\Skill\SkillEffect\SkillEffectDamage.cpp">
      <Filter>src\Skill\SkillEffect</Filter>
    </ClCompile>
    <ClCompile Include="..\Classes\Skill\SkillEffect\SkillEffectDefPer.cpp">
      <Filter>src\Skill\SkillEffect</Filter>
    </ClCompile>
    <ClCompile Include="..\Classes\Skill\SkillEffect\SkillEffectDef.cpp">
      <Filter>src\Skill\SkillEffect</Filter>
    </ClCompile>
    <ClCompile Include="..\Classes\Skill\SkillEffect\SkillEffectHurtMore.cpp">
      <Filter>src\Skill\SkillEffect</Filter>
    </ClCompile>
    <ClCompile Include="..\Classes\Skill\SkillEffect\SkillEffectYun.cpp">
      <Filter>src\Skill\SkillEffect</Filter>
    </ClCompile>
    <ClCompile Include="..\Classes\Skill\SkillEffect\SkillEffectFanJian.cpp">
      <Filter>src\Skill\SkillEffect</Filter>
    </ClCompile>
    <ClCompile Include="..\Classes\Skill\SkillEffect\SkillEffectXiXue.cpp">
      <Filter>src\Skill\SkillEffect</Filter>
    </ClCompile>
    <ClCompile Include="..\Classes\Skill\SkillEffect\SkillEffect.cpp">
      <Filter>src\Skill\SkillEffect</Filter>
    </ClCompile>
    <ClCompile Include="..\Classes\Skill\SkillMgr.cpp">
      <Filter>src\Skill</Filter>
    </ClCompile>
    <ClCompile Include="..\Classes\Skill\SkillEffectFactory.cpp">
      <Filter>src\Skill</Filter>
    </ClCompile>
    <ClCompile Include="..\Classes\Skill\SkillEffect\SkillEffectCrit.cpp">
      <Filter>src\Skill\SkillEffect</Filter>
    </ClCompile>
    <ClCompile Include="..\Classes\Skill\SkillEffect\SkillEffectCritRate.cpp">
      <Filter>src\Skill\SkillEffect</Filter>
    </ClCompile>
    <ClCompile Include="..\Classes\Skill\SkillEffect\SkillEffectHpMaxPer.cpp">
      <Filter>src\Skill\SkillEffect</Filter>
    </ClCompile>
    <ClCompile Include="..\Classes\Skill\SkillEffect\SkillEffectShootRange.cpp">
      <Filter>src\Skill\SkillEffect</Filter>
    </ClCompile>
    <ClCompile Include="..\Classes\Utils\Msg\MsgMgr.cpp">
      <Filter>src\Utils\Msg</Filter>
    </ClCompile>
    <ClCompile Include="..\Classes\Utils\Msg\MsgDef.cpp">
      <Filter>src\Utils\Msg</Filter>
    </ClCompile>
  </ItemGroup>
  <ItemGroup>
    <ClInclude Include="main.h">
      <Filter>win32</Filter>
    </ClInclude>
    <ClInclude Include="..\Classes\AppDelegate.h">
      <Filter>src</Filter>
    </ClInclude>
    <ClInclude Include="..\Classes\HelloWorldScene.h">
      <Filter>src</Filter>
    </ClInclude>
    <ClInclude Include="..\Classes\Helper\CSVParser\CSVParser.h">
      <Filter>src\Helper\CSVParser</Filter>
    </ClInclude>
    <ClInclude Include="..\Classes\Helper\Sqlite3\sqlite3.h">
      <Filter>src\Helper\Sqlite3</Filter>
    </ClInclude>
    <ClInclude Include="..\Classes\Helper\Sqlite3\sqlite3ext.h">
      <Filter>src\Helper\Sqlite3</Filter>
    </ClInclude>
    <ClInclude Include="..\Classes\Model\BulletSprite.h">
      <Filter>src\Model</Filter>
    </ClInclude>
    <ClInclude Include="..\Classes\Model\HarvestBubble.h">
      <Filter>src\Model</Filter>
    </ClInclude>
    <ClInclude Include="..\Classes\Model\Hero.h">
      <Filter>src\Model</Filter>
    </ClInclude>
    <ClInclude Include="..\Classes\Model\MiwuSprite.h">
      <Filter>src\Model</Filter>
    </ClInclude>
    <ClInclude Include="..\Classes\Model\Notice.h">
      <Filter>src\Model</Filter>
    </ClInclude>
    <ClInclude Include="..\Classes\Model\Robot.h">
      <Filter>src\Model</Filter>
    </ClInclude>
    <ClInclude Include="..\Classes\Model\Soilder.h">
      <Filter>src\Model</Filter>
    </ClInclude>
    <ClInclude Include="..\Classes\Model\BaseSprite.h">
      <Filter>src\Model</Filter>
    </ClInclude>
    <ClInclude Include="..\Classes\Utils\DataManager.h">
      <Filter>src\Utils</Filter>
    </ClInclude>
    <ClInclude Include="..\Classes\Utils\DBManager.h">
      <Filter>src\Utils</Filter>
    </ClInclude>
    <ClInclude Include="..\Classes\Utils\GlobalManager.h">
      <Filter>src\Utils</Filter>
    </ClInclude>
    <ClInclude Include="..\Classes\Utils\Public.h">
      <Filter>src\Utils</Filter>
    </ClInclude>
    <ClInclude Include="..\Classes\Utils\Config.h">
      <Filter>src\Utils</Filter>
    </ClInclude>
    <ClInclude Include="..\Classes\Dlg\Main\DlgMain.h">
      <Filter>src\Dlg\Main</Filter>
    </ClInclude>
    <ClInclude Include="..\Classes\GameState\StatePlay.h">
      <Filter>src\GameState</Filter>
    </ClInclude>
    <ClInclude Include="..\Classes\Dlg\Fight\DlgFight.h">
      <Filter>src\Dlg\Fight</Filter>
    </ClInclude>
    <ClInclude Include="..\Classes\Utils\ClassFactory.h">
      <Filter>src\Utils</Filter>
    </ClInclude>
    <ClInclude Include="..\Classes\Utils\PublicDefault.h">
      <Filter>src\Utils</Filter>
    </ClInclude>
    <ClInclude Include="..\Classes\Utils\GlobalValue.h">
      <Filter>src\Utils</Filter>
    </ClInclude>
    <ClInclude Include="..\Classes\Utils\ConfigMgr.h">
      <Filter>src\Utils</Filter>
    </ClInclude>
    <ClInclude Include="..\Classes\Dlg\Fight\AIMgr.h">
      <Filter>src\Dlg\Fight</Filter>
    </ClInclude>
    <ClInclude Include="..\Classes\Dlg\Main\PnlSetting.h">
      <Filter>src\Dlg\Main</Filter>
    </ClInclude>
    <ClInclude Include="..\Classes\Core\BaseComponent.h">
      <Filter>src\Core</Filter>
    </ClInclude>
    <ClInclude Include="..\Classes\Core\BaseComponentDef.h">
      <Filter>src\Core</Filter>
    </ClInclude>
    <ClInclude Include="..\Classes\Core\DlgBase.h">
      <Filter>src\Core</Filter>
    </ClInclude>
    <ClInclude Include="..\Classes\Core\DlgDefine.h">
      <Filter>src\Core</Filter>
    </ClInclude>
    <ClInclude Include="..\Classes\Core\DlgEnum.h">
      <Filter>src\Core</Filter>
    </ClInclude>
    <ClInclude Include="..\Classes\Core\StateBase.h">
      <Filter>src\Core</Filter>
    </ClInclude>
    <ClInclude Include="..\Classes\Core\StateEnum.h">
      <Filter>src\Core</Filter>
    </ClInclude>
    <ClInclude Include="..\Classes\Dlg\Main\MessageTip.h">
      <Filter>src\Dlg\Main</Filter>
    </ClInclude>
    <ClInclude Include="..\Classes\Dlg\Main\PnlPlayer.h">
      <Filter>src\Dlg\Main</Filter>
    </ClInclude>
    <ClInclude Include="..\Classes\Model\PlayerObj.h">
      <Filter>src\Model</Filter>
    </ClInclude>
    <ClInclude Include="..\Classes\Dlg\Main\PnlHero.h">
      <Filter>src\Dlg\Main</Filter>
    </ClInclude>
    <ClInclude Include="..\Classes\Dlg\Main\PnlFind.h">
      <Filter>src\Dlg\Main</Filter>
    </ClInclude>
    <ClInclude Include="..\Classes\Dlg\Main\PnlGuanKa.h">
      <Filter>src\Dlg\Main</Filter>
    </ClInclude>
    <ClInclude Include="..\Classes\Dlg\Fight\DlgMission.h">
      <Filter>src\Dlg\Fight</Filter>
    </ClInclude>
    <ClInclude Include="..\Classes\Dlg\Main\PnlFight.h">
      <Filter>src\Dlg\Main</Filter>
    </ClInclude>
    <ClInclude Include="..\Classes\Utils\UIUtils.h">
      <Filter>src\Utils</Filter>
    </ClInclude>
    <ClInclude Include="..\Classes\Utils\JsonManager.h">
      <Filter>src\Utils</Filter>
    </ClInclude>
    <ClInclude Include="..\Classes\Skill\Skill.h">
      <Filter>src\Skill</Filter>
    </ClInclude>
    <ClInclude Include="..\Classes\Skill\SkillDefine.h">
      <Filter>src\Skill</Filter>
    </ClInclude>
    <ClInclude Include="..\Classes\Skill\SkillEffect\SkillEffectHp.h">
      <Filter>src\Skill\SkillEffect</Filter>
    </ClInclude>
    <ClInclude Include="..\Classes\Skill\SkillEffect\SkillEffectSpeed.h">
      <Filter>src\Skill\SkillEffect</Filter>
    </ClInclude>
    <ClInclude Include="..\Classes\Skill\SkillEffect\SkillEffectSpeedPer.h">
      <Filter>src\Skill\SkillEffect</Filter>
    </ClInclude>
    <ClInclude Include="..\Classes\Skill\SkillEffect\SkillEffectDamagePer.h">
      <Filter>src\Skill\SkillEffect</Filter>
    </ClInclude>
    <ClInclude Include="..\Classes\Skill\SkillEffect\SkillEffectDamage.h">
      <Filter>src\Skill\SkillEffect</Filter>
    </ClInclude>
    <ClInclude Include="..\Classes\Skill\SkillEffect\SkillEffectDef.h">
      <Filter>src\Skill\SkillEffect</Filter>
    </ClInclude>
    <ClInclude Include="..\Classes\Skill\SkillEffect\SkillEffectDefPer.h">
      <Filter>src\Skill\SkillEffect</Filter>
    </ClInclude>
    <ClInclude Include="..\Classes\Skill\SkillEffect\SkillEffectHurtMore.h">
      <Filter>src\Skill\SkillEffect</Filter>
    </ClInclude>
    <ClInclude Include="..\Classes\Skill\SkillEffect\SkillEffectYun.h">
      <Filter>src\Skill\SkillEffect</Filter>
    </ClInclude>
    <ClInclude Include="..\Classes\Skill\SkillEffect\SkillEffectFanJian.h">
      <Filter>src\Skill\SkillEffect</Filter>
    </ClInclude>
    <ClInclude Include="..\Classes\Skill\SkillEffect\SkillEffectXiXue.h">
      <Filter>src\Skill\SkillEffect</Filter>
    </ClInclude>
    <ClInclude Include="..\Classes\Skill\SkillEffect\SkillEffect.h">
      <Filter>src\Skill\SkillEffect</Filter>
    </ClInclude>
    <ClInclude Include="..\Classes\Skill\SkillMgr.h">
      <Filter>src\Skill</Filter>
    </ClInclude>
    <ClInclude Include="..\Classes\Skill\SkillEffectFactory.h">
      <Filter>src\Skill</Filter>
    </ClInclude>
    <ClInclude Include="..\Classes\Skill\SkillEffect\SkillEffectCrit.h">
      <Filter>src\Skill\SkillEffect</Filter>
    </ClInclude>
    <ClInclude Include="..\Classes\Skill\SkillEffect\SkillEffectCritRate.h">
      <Filter>src\Skill\SkillEffect</Filter>
    </ClInclude>
    <ClInclude Include="..\Classes\Skill\SkillEffect\SkillEffectHpMaxPer.h">
      <Filter>src\Skill\SkillEffect</Filter>
    </ClInclude>
    <ClInclude Include="..\Classes\Skill\SkillEffect\SkillEffectShootRange.h">
      <Filter>src\Skill\SkillEffect</Filter>
    </ClInclude>
    <ClInclude Include="..\Classes\Utils\Msg\MsgMgr.h">
      <Filter>src\Utils\Msg</Filter>
    </ClInclude>
    <ClInclude Include="..\Classes\Utils\Msg\MsgDef.h">
      <Filter>src\Utils\Msg</Filter>
    </ClInclude>
  </ItemGroup>
  <ItemGroup>
    <ResourceCompile Include="game.rc">
      <Filter>resource</Filter>
    </ResourceCompile>
  </ItemGroup>
</Project>